# This file is autogenerated, do not edit; changes may be undone by the next 'dep ensure'.


[[projects]]
  branch = "master"
  digest = "1:bc8e726b0ac938981d62a7fdbc14aa9314e8af92c75d3858cb583e563d41802b"
  name = "code.cloudfoundry.org/lager"
  packages = ["."]
  pruneopts = "NUT"
  revision = "a77e1033ba8d8e36597be5c0d384ee6054105bc2"

[[projects]]
  digest = "1:dbd86d229eacaa86a98b10f8fb3e3fc69a1913e0f4e010e7cc1f92bf12edca92"
  name = "github.com/gorilla/context"
  packages = ["."]
  pruneopts = "NUT"
  revision = "1ea25387ff6f684839d82767c1733ff4d4d15d0a"
  version = "v1.1"

[[projects]]
  digest = "1:bf5cf1d53d703332e9bd8984c69784645b73a938317bf5ace9aadf20ac49379a"
  name = "github.com/gorilla/mux"
  packages = ["."]
  pruneopts = "NUT"
  revision = "e3702bed27f0d39777b0b37b664b6280e8ef8fbf"
  version = "v1.6.2"

[[projects]]
  digest = "1:0413dd101df90e8a7f0c228b0fd64cc42cd98c7c1e3ec5c0dcf3b2598507052b"
  name = "github.com/onsi/ginkgo"
  packages = [
    ".",
    "config",
    "extensions/table",
    "internal/codelocation",
    "internal/containernode",
    "internal/failer",
    "internal/leafnodes",
    "internal/remote",
    "internal/spec",
    "internal/spec_iterator",
    "internal/specrunner",
    "internal/suite",
    "internal/testingtproxy",
    "internal/writer",
    "reporters",
    "reporters/stenographer",
    "reporters/stenographer/support/go-colorable",
    "reporters/stenographer/support/go-isatty",
    "types",
  ]
  pruneopts = "NUT"
  revision = "fa5fabab2a1bfbd924faf4c067d07ae414e2aedf"
  version = "v1.5.0"

[[projects]]
  digest = "1:3ec3d482f3a7c3718b0330711a0d0de8148af3dfaa66df63426969b0ec820961"
  name = "github.com/onsi/gomega"
  packages = [
    ".",
    "format",
    "gbytes",
    "gexec",
    "internal/assertion",
    "internal/asyncassertion",
    "internal/oraclematcher",
    "internal/testingtsupport",
    "matchers",
    "matchers/support/goraph/bipartitegraph",
    "matchers/support/goraph/edge",
    "matchers/support/goraph/node",
    "matchers/support/goraph/util",
    "types",
  ]
  pruneopts = "NUT"
  revision = "62bff4df71bdbc266561a0caee19f0594b17c240"
  version = "v1.4.0"

[[projects]]
  digest = "1:6284f28c5553900d1449effcb8ce052b7b20e0a47b17f99f6d01c39d37f6c520"
  name = "github.com/pivotal-cf/brokerapi"
  packages = [
    ".",
    "auth",
    "domain",
    "domain/apiresponses",
    "handlers",
    "middlewares",
    "utils",
  ]
  pruneopts = "NUT"
  revision = "e7d54e46385921bf37584975d398ce8b35d5351c"
  version = "v5.1.0"

[[projects]]
  digest = "1:5cf3f025cbee5951a4ee961de067c8a89fc95a5adabead774f82822efabab121"
  name = "github.com/pkg/errors"
  packages = ["."]
  pruneopts = "NUT"
  revision = "645ef00459ed84a119197bfb8d8205042c6df63d"
  version = "v0.8.0"

[[projects]]
  branch = "master"
  digest = "1:0016922c9d04af9df4c4af9ca2b7f3f8abfa85fa510fbc4d1fb09e54cb2e63c3"
  name = "golang.org/x/net"
  packages = [
    "html",
    "html/atom",
    "html/charset",
  ]
  pruneopts = "NUT"
  revision = "0ed95abb35c445290478a5348a7b38bb154135fd"

[[projects]]
  digest = "1:198f42363ef336331e9312f442198587d0a110928a494ed8c01e0871a809da6b"
  name = "golang.org/x/sys"
  packages = ["unix"]
  pruneopts = "NUT"
  revision = "a408501be4d17ee978c04a618e7a1b22af058c0e"

[[projects]]
  branch = "master"
  digest = "1:7c61a813b250ba8bb02bebb0382e6c3d00e04da2b577dc58985b86312fb89ffd"
  name = "golang.org/x/text"
  packages = [
    "encoding",
    "encoding/charmap",
    "encoding/htmlindex",
    "encoding/internal",
    "encoding/internal/identifier",
    "encoding/japanese",
    "encoding/korean",
    "encoding/simplifiedchinese",
    "encoding/traditionalchinese",
    "encoding/unicode",
    "internal/gen",
    "internal/tag",
    "internal/utf8internal",
    "language",
    "runes",
    "transform",
    "unicode/cldr",
  ]
  pruneopts = "NUT"
  revision = "e19ae1496984b1c655b8044a65c0300a3c878dd3"

[[projects]]
  digest = "1:0215407129c5f116ae8f6d3af64df59c39d3f606a72ef77a1e6ed874f92a8d9c"
  name = "gopkg.in/go-playground/validator.v8"
  packages = ["."]
  pruneopts = "NUT"
  revision = "5f57d2222ad794d0dffb07e664ea05e2ee07d60c"
  version = "v8.18.1"

[[projects]]
  branch = "v2"
  digest = "1:13e704c08924325be00f96e47e7efe0bfddf0913cdfc237423c83f9b183ff590"
  name = "gopkg.in/yaml.v2"
  packages = ["."]
  pruneopts = "NUT"
  revision = "d670f9405373e636a5a2765eea47fac0c9bc91a4"

[solve-meta]
  analyzer-name = "dep"
  analyzer-version = 1
  input-imports = [
    "github.com/onsi/ginkgo",
    "github.com/onsi/ginkgo/extensions/table",
    "github.com/onsi/gomega",
    "github.com/onsi/gomega/gbytes",
    "github.com/onsi/gomega/gexec",
    "github.com/onsi/gomega/types",
    "github.com/pivotal-cf/brokerapi",
    "github.com/pkg/errors",
    "gopkg.in/go-playground/validator.v8",
    "gopkg.in/yaml.v2",
  ]
  solver-name = "gps-cdcl"
  solver-version = 1
